// !$*UTF8*$!
{
	archiveVersion = 1;
	classes = {
	};
	objectVersion = 46;
	objects = {

/* Begin PBXBuildFile section */
		E6DB33C21D8804ED00BBE2C7 /* AppDelegate.swift in Sources */ = {isa = PBXBuildFile; fileRef = E6DB33C11D8804ED00BBE2C7 /* AppDelegate.swift */; };
		E6DB33C41D8804ED00BBE2C7 /* FirstViewController.swift in Sources */ = {isa = PBXBuildFile; fileRef = E6DB33C31D8804ED00BBE2C7 /* FirstViewController.swift */; };
		E6DB33C61D8804ED00BBE2C7 /* SecondViewController.swift in Sources */ = {isa = PBXBuildFile; fileRef = E6DB33C51D8804ED00BBE2C7 /* SecondViewController.swift */; };
		E6DB33C91D8804ED00BBE2C7 /* Main.storyboard in Resources */ = {isa = PBXBuildFile; fileRef = E6DB33C71D8804ED00BBE2C7 /* Main.storyboard */; };
		E6DB33CB1D8804ED00BBE2C7 /* Assets.xcassets in Resources */ = {isa = PBXBuildFile; fileRef = E6DB33CA1D8804ED00BBE2C7 /* Assets.xcassets */; };
		E6DB33CE1D8804ED00BBE2C7 /* LaunchScreen.storyboard in Resources */ = {isa = PBXBuildFile; fileRef = E6DB33CC1D8804ED00BBE2C7 /* LaunchScreen.storyboard */; };
/* End PBXBuildFile section */

/* Begin PBXFileReference section */
		E6DB33BE1D8804ED00BBE2C7 /* Marmita na mão.app */ = {isa = PBXFileReference; explicitFileType = wrapper.application; includeInIndex = 0; path = "Marmita na mão.app"; sourceTree = BUILT_PRODUCTS_DIR; };
		E6DB33C11D8804ED00BBE2C7 /* AppDelegate.swift */ = {isa = PBXFileReference; lastKnownFileType = sourcecode.swift; path = AppDelegate.swift; sourceTree = "<group>"; };
		E6DB33C31D8804ED00BBE2C7 /* FirstViewController.swift */ = {isa = PBXFileReference; lastKnownFileType = sourcecode.swift; path = FirstViewController.swift; sourceTree = "<group>"; };
		E6DB33C51D8804ED00BBE2C7 /* SecondViewController.swift */ = {isa = PBXFileReference; lastKnownFileType = sourcecode.swift; path = SecondViewController.swift; sourceTree = "<group>"; };
		E6DB33C81D8804ED00BBE2C7 /* Base */ = {isa = PBXFileReference; lastKnownFileType = file.storyboard; name = Base; path = Base.lproj/Main.storyboard; sourceTree = "<group>"; };
		E6DB33CA1D8804ED00BBE2C7 /* Assets.xcassets */ = {isa = PBXFileReference; lastKnownFileType = folder.assetcatalog; path = Assets.xcassets; sourceTree = "<group>"; };
		E6DB33CD1D8804ED00BBE2C7 /* Base */ = {isa = PBXFileReference; lastKnownFileType = file.storyboard; name = Base; path = Base.lproj/LaunchScreen.storyboard; sourceTree = "<group>"; };
		E6DB33CF1D8804ED00BBE2C7 /* Info.plist */ = {isa = PBXFileReference; lastKnownFileType = text.plist.xml; path = Info.plist; sourceTree = "<group>"; };
/* End PBXFileReference section */

/* Begin PBXFrameworksBuildPhase section */
		E6DB33BB1D8804ED00BBE2C7 /* Frameworks */ = {
			isa = PBXFrameworksBuildPhase;
			buildActionMask = 2147483647;
			files = (
			);
			runOnlyForDeploymentPostprocessing = 0;
		};
/* End PBXFrameworksBuildPhase section */

/* Begin PBXGroup section */
		E6DB33B51D8804EC00BBE2C7 = {
			isa = PBXGroup;
			children = (
				E6DB33C01D8804ED00BBE2C7 /* Marmita na mão */,
				E6DB33BF1D8804ED00BBE2C7 /* Products */,
			);
			sourceTree = "<group>";
		};
		E6DB33BF1D8804ED00BBE2C7 /* Products */ = {
			isa = PBXGroup;
			children = (
				E6DB33BE1D8804ED00BBE2C7 /* Marmita na mão.app */,
			);
			name = Products;
			sourceTree = "<group>";
		};
		E6DB33C01D8804ED00BBE2C7 /* Marmita na mão */ = {
			isa = PBXGroup;
			children = (
				E6DB33C11D8804ED00BBE2C7 /* AppDelegate.swift */,
				E6DB33C31D8804ED00BBE2C7 /* FirstViewController.swift */,
				E6DB33C51D8804ED00BBE2C7 /* SecondViewController.swift */,
				E6DB33C71D8804ED00BBE2C7 /* Main.storyboard */,
				E6DB33CA1D8804ED00BBE2C7 /* Assets.xcassets */,
				E6DB33CC1D8804ED00BBE2C7 /* LaunchScreen.storyboard */,
				E6DB33CF1D8804ED00BBE2C7 /* Info.plist */,
			);
			path = "Marmita na mão";
			sourceTree = "<group>";
		};
/* End PBXGroup section */

/* Begin PBXNativeTarget section */
		E6DB33BD1D8804ED00BBE2C7 /* Marmita na mão */ = {
			isa = PBXNativeTarget;
			buildConfigurationList = E6DB33D21D8804ED00BBE2C7 /* Build configuration list for PBXNativeTarget "Marmita na mão" */;
			buildPhases = (
				E6DB33BA1D8804ED00BBE2C7 /* Sources */,
				E6DB33BB1D8804ED00BBE2C7 /* Frameworks */,
				E6DB33BC1D8804ED00BBE2C7 /* Resources */,
			);
			buildRules = (
			);
			dependencies = (
			);
			name = "Marmita na mão";
			productName = "Marmita na mão";
			productReference = E6DB33BE1D8804ED00BBE2C7 /* Marmita na mão.app */;
			productType = "com.apple.product-type.application";
		};
/* End PBXNativeTarget section */

/* Begin PBXProject section */
		E6DB33B61D8804EC00BBE2C7 /* Project object */ = {
			isa = PBXProject;
			attributes = {
				LastSwiftUpdateCheck = 0730;
				LastUpgradeCheck = 0730;
				ORGANIZATIONNAME = Softwareon;
				TargetAttributes = {
					E6DB33BD1D8804ED00BBE2C7 = {
						CreatedOnToolsVersion = 7.3.1;
					};
				};
			};
			buildConfigurationList = E6DB33B91D8804EC00BBE2C7 /* Build configuration list for PBXProject "Marmita na mão" */;
			compatibilityVersion = "Xcode 3.2";
			developmentRegion = English;
			hasScannedForEncodings = 0;
			knownRegions = (
				en,
				Base,
			);
			mainGroup = E6DB33B51D8804EC00BBE2C7;
			productRefGroup = E6DB33BF1D8804ED00BBE2C7 /* Products */;
			projectDirPath = "";
			projectRoot = "";
			targets = (
				E6DB33BD1D8804ED00BBE2C7 /* Marmita na mão */,
			);
		};
/* End PBXProject section */

/* Begin PBXResourcesBuildPhase section */
		E6DB33BC1D8804ED00BBE2C7 /* Resources */ = {
			isa = PBXResourcesBuildPhase;
			buildActionMask = 2147483647;
			files = (
				E6DB33CE1D8804ED00BBE2C7 /* LaunchScreen.storyboard in Resources */,
				E6DB33CB1D8804ED00BBE2C7 /* Assets.xcassets in Resources */,
				E6DB33C91D8804ED00BBE2C7 /* Main.storyboard in Resources */,
			);
			runOnlyForDeploymentPostprocessing = 0;
		};
/* End PBXResourcesBuildPhase section */

/* Begin PBXSourcesBuildPhase section */
		E6DB33BA1D8804ED00BBE2C7 /* Sources */ = {
			isa = PBXSourcesBuildPhase;
			buildActionMask = 2147483647;
			files = (
				E6DB33C61D8804ED00BBE2C7 /* SecondViewController.swift in Sources */,
				E6DB33C21D8804ED00BBE2C7 /* AppDelegate.swift in Sources */,
				E6DB33C41D8804ED00BBE2C7 /* FirstViewController.swift in Sources */,
			);
			runOnlyForDeploymentPostprocessing = 0;
		};
/* End PBXSourcesBuildPhase section */

/* Begin PBXVariantGroup section */
		E6DB33C71D8804ED00BBE2C7 /* Main.storyboard */ = {
			isa = PBXVariantGroup;
			children = (
				E6DB33C81D8804ED00BBE2C7 /* Base */,
			);
			name = Main.storyboard;
			sourceTree = "<group>";
		};
		E6DB33CC1D8804ED00BBE2C7 /* LaunchScreen.storyboard */ = {
			isa = PBXVariantGroup;
			children = (
				E6DB33CD1D8804ED00BBE2C7 /* Base */,
			);
			name = LaunchScreen.storyboard;
			sourceTree = "<group>";
		};
/* End PBXVariantGroup section */

/* Begin XCBuildConfiguration section */
		E6DB33D01D8804ED00BBE2C7 /* Debug */ = {
			isa = XCBuildConfiguration;
			buildSettings = {
				ALWAYS_SEARCH_USER_PATHS = NO;
				CLANG_ANALYZER_NONNULL = YES;
				CLANG_CXX_LANGUAGE_STANDARD = "gnu++0x";
				CLANG_CXX_LIBRARY = "libc++";
				CLANG_ENABLE_MODULES = YES;
				CLANG_ENABLE_OBJC_ARC = YES;
				CLANG_WARN_BOOL_CONVERSION = YES;
				CLANG_WARN_CONSTANT_CONVERSION = YES;
				CLANG_WARN_DIRECT_OBJC_ISA_USAGE = YES_ERROR;
				CLANG_WARN_EMPTY_BODY = YES;
				CLANG_WARN_ENUM_CONVERSION = YES;
				CLANG_WARN_INT_CONVERSION = YES;
				CLANG_WARN_OBJC_ROOT_CLASS = YES_ERROR;
				CLANG_WARN_UNREACHABLE_CODE = YES;
				CLANG_WARN__DUPLICATE_METHOD_MATCH = YES;
				"CODE_SIGN_IDENTITY[sdk=iphoneos*]" = "iPhone Developer";
				COPY_PHASE_STRIP = NO;
				DEBUG_INFORMATION_FORMAT = dwarf;
				ENABLE_STRICT_OBJC_MSGSEND = YES;
				ENABLE_TESTABILITY = YES;
				GCC_C_LANGUAGE_STANDARD = gnu99;
				GCC_DYNAMIC_NO_PIC = NO;
				GCC_NO_COMMON_BLOCKS = YES;
				GCC_OPTIMIZATION_LEVEL = 0;
				GCC_PREPROCESSOR_DEFINITIONS = (
					"DEBUG=1",
					"$(inherited)",
				);
				GCC_WARN_64_TO_32_BIT_CONVERSION = YES;
				GCC_WARN_ABOUT_RETURN_TYPE = YES_ERROR;
				GCC_WARN_UNDECLARED_SELECTOR = YES;
				GCC_WARN_UNINITIALIZED_AUTOS = YES_AGGRESSIVE;
				GCC_WARN_UNUSED_FUNCTION = YES;
				GCC_WARN_UNUSED_VARIABLE = YES;
				IPHONEOS_DEPLOYMENT_TARGET = 9.3;
				MTL_ENABLE_DEBUG_INFO = YES;
				ONLY_ACTIVE_ARCH = YES;
				SDKROOT = iphoneos;
				SWIFT_OPTIMIZATION_LEVEL = "-Onone";
			};
			name = Debug;
		};
		E6DB33D11D8804ED00BBE2C7 /* Release */ = {
			isa = XCBuildConfiguration;
			buildSettings = {
				ALWAYS_SEARCH_USER_PATHS = NO;
				CLANG_ANALYZER_NONNULL = YES;
				CLANG_CXX_LANGUAGE_STANDARD = "gnu++0x";
				CLANG_CXX_LIBRARY = "libc++";
				CLANG_ENABLE_MODULES = YES;
				CLANG_ENABLE_OBJC_ARC = YES;
				CLANG_WARN_BOOL_CONVERSION = YES;
				CLANG_WARN_CONSTANT_CONVERSION = YES;
				CLANG_WARN_DIRECT_OBJC_ISA_USAGE = YES_ERROR;
				CLANG_WARN_EMPTY_BODY = YES;
				CLANG_WARN_ENUM_CONVERSION = YES;
				CLANG_WARN_INT_CONVERSION = YES;
				CLANG_WARN_OBJC_ROOT_CLASS = YES_ERROR;
				CLANG_WARN_UNREACHABLE_CODE = YES;
				CLANG_WARN__DUPLICATE_METHOD_MATCH = YES;
				"CODE_SIGN_IDENTITY[sdk=iphoneos*]" = "iPhone Developer";
				COPY_PHASE_STRIP = NO;
				DEBUG_INFORMATION_FORMAT = "dwarf-with-dsym";
				ENABLE_NS_ASSERTIONS = NO;
				ENABLE_STRICT_OBJC_MSGSEND = YES;
				GCC_C_LANGUAGE_STANDARD = gnu99;
				GCC_NO_COMMON_BLOCKS = YES;
				GCC_WARN_64_TO_32_BIT_CONVERSION = YES;
				GCC_WARN_ABOUT_RETURN_TYPE = YES_ERROR;
				GCC_WARN_UNDECLARED_SELECTOR = YES;
				GCC_WARN_UNINITIALIZED_AUTOS = YES_AGGRESSIVE;
				GCC_WARN_UNUSED_FUNCTION = YES;
				GCC_WARN_UNUSED_VARIABLE = YES;
				IPHONEOS_DEPLOYMENT_TARGET = 9.3;
				MTL_ENABLE_DEBUG_INFO = NO;
				SDKROOT = iphoneos;
				VALIDATE_PRODUCT = YES;
			};
			name = Release;
		};
		E6DB33D31D8804ED00BBE2C7 /* Debug */ = {
			isa = XCBuildConfiguration;
			buildSettings = {
				ASSETCATALOG_COMPILER_APPICON_NAME = AppIcon;
				INFOPLIST_FILE = "Marmita na mão/Info.plist";
				LD_RUNPATH_SEARCH_PATHS = "$(inherited) @executable_path/Frameworks";
				PRODUCT_BUNDLE_IDENTIFIER = "mentorandroid.com.Marmita-na-ma-o";
				PRODUCT_NAME = "$(TARGET_NAME)";
			};
			name = Debug;
		};
		E6DB33D41D8804ED00BBE2C7 /* Release */ = {
			isa = XCBuildConfiguration;
			buildSettings = {
				ASSETCATALOG_COMPILER_APPICON_NAME = AppIcon;
				INFOPLIST_FILE = "Marmita na mão/Info.plist";
				LD_RUNPATH_SEARCH_PATHS = "$(inherited) @executable_path/Frameworks";
				PRODUCT_BUNDLE_IDENTIFIER = "mentorandroid.com.Marmita-na-ma-o";
				PRODUCT_NAME = "$(TARGET_NAME)";
			};
			name = Release;
		};
/* End XCBuildConfiguration section */

/* Begin XCConfigurationList section */
		E6DB33B91D8804EC00BBE2C7 /* Build configuration list for PBXProject "Marmita na mão" */ = {
			isa = XCConfigurationList;
			buildConfigurations = (
				E6DB33D01D8804ED00BBE2C7 /* Debug */,
				E6DB33D11D8804ED00BBE2C7 /* Release */,
			);
			defaultConfigurationIsVisible = 0;
			defaultConfigurationName = Release;
		};
		E6DB33D21D8804ED00BBE2C7 /* Build configuration list for PBXNativeTarget "Marmita na mão" */ = {
			isa = XCConfigurationList;
			buildConfigurations = (
				E6DB33D31D8804ED00BBE2C7 /* Debug */,
				E6DB33D41D8804ED00BBE2C7 /* Release */,
			);
			defaultConfigurationIsVisible = 0;
		};
/* End XCConfigurationList section */
	};
	rootObject = E6DB33B61D8804EC00BBE2C7 /* Project object */;
}
